
Microsoft Visual Studio Solution File, Format Version 12.00
# Visual Studio Version 17
VisualStudioVersion = 17.10.35027.167
MinimumVisualStudioVersion = 10.0.40219.1
Project("{9A19103F-16F7-4668-BE54-9A1E7A4F7556}") = "OLFramework.Generator", "OLFramework.Generator\OLFramework.Generator.csproj", "{71B2E8A3-E485-4BD7-A493-56455884AEAA}"
EndProject
Global
	GlobalSection(SolutionConfigurationPlatforms) = preSolution
		Debug|Any CPU = Debug|Any CPU
		Release|Any CPU = Release|Any CPU
	EndGlobalSection
	GlobalSection(ProjectConfigurationPlatforms) = postSolution
		{71B2E8A3-E485-4BD7-A493-56455884AEAA}.Debug|Any CPU.ActiveCfg = Debug|Any CPU
		{71B2E8A3-E485-4BD7-A493-56455884AEAA}.Debug|Any CPU.Build.0 = Debug|Any CPU
		{71B2E8A3-E485-4BD7-A493-56455884AEAA}.Release|Any CPU.ActiveCfg = Release|Any CPU
		{71B2E8A3-E485-4BD7-A493-56455884AEAA}.Release|Any CPU.Build.0 = Release|Any CPU
	EndGlobalSection
	GlobalSection(SolutionProperties) = preSolution
		HideSolutionNode = FALSE
	EndGlobalSection
	GlobalSection(ExtensibilityGlobals) = postSolution
		SolutionGuid = {5DC7FC21-53B5-4649-89F4-4C13D0D3981B}
	EndGlobalSection
EndGlobal
